
Microsoft Visual Studio Solution File, Format Version 12.00
# Visual Studio Version 16
VisualStudioVersion = 16.0.30717.126
MinimumVisualStudioVersion = 10.0.40219.1
Project("{FAE04EC0-301F-11D3-BF4B-00C04F79EFBC}") = "Cours_Remind_Weekened", "Cours_Remind_Weekened.csproj", "{63F64F93-1474-4E18-B0D6-8E6145D97F78}"
EndProject
Global
	GlobalSection(SolutionConfigurationPlatforms) = preSolution
		Debug|Any CPU = Debug|Any CPU
		Release|Any CPU = Release|Any CPU
	EndGlobalSection
	GlobalSection(ProjectConfigurationPlatforms) = postSolution
		{63F64F93-1474-4E18-B0D6-8E6145D97F78}.Debug|Any CPU.ActiveCfg = Debug|Any CPU
		{63F64F93-1474-4E18-B0D6-8E6145D97F78}.Debug|Any CPU.Build.0 = Debug|Any CPU
		{63F64F93-1474-4E18-B0D6-8E6145D97F78}.Release|Any CPU.ActiveCfg = Release|Any CPU
		{63F64F93-1474-4E18-B0D6-8E6145D97F78}.Release|Any CPU.Build.0 = Release|Any CPU
	EndGlobalSection
	GlobalSection(SolutionProperties) = preSolution
		HideSolutionNode = FALSE
	EndGlobalSection
	GlobalSection(ExtensibilityGlobals) = postSolution
		SolutionGuid = {0646AFCE-0B31-46F4-91B7-BE341A6B5446}
	EndGlobalSection
EndGlobal
